
Microsoft Visual Studio Solution File, Format Version 12.00
# Visual Studio Version 17
VisualStudioVersion = 17.6.33815.320
MinimumVisualStudioVersion = 10.0.40219.1
Project("{FAE04EC0-301F-11D3-BF4B-00C04F79EFBC}") = "DFACut", "DFACut.csproj", "{F2FDD36F-BAA0-429C-9DA4-B08FC0C3BC62}"
EndProject
Global
	GlobalSection(SolutionConfigurationPlatforms) = preSolution
		Debug|Any CPU = Debug|Any CPU
		Release|Any CPU = Release|Any CPU
	EndGlobalSection
	GlobalSection(ProjectConfigurationPlatforms) = postSolution
		{F2FDD36F-BAA0-429C-9DA4-B08FC0C3BC62}.Debug|Any CPU.ActiveCfg = Debug|Any CPU
		{F2FDD36F-BAA0-429C-9DA4-B08FC0C3BC62}.Debug|Any CPU.Build.0 = Debug|Any CPU
		{F2FDD36F-BAA0-429C-9DA4-B08FC0C3BC62}.Release|Any CPU.ActiveCfg = Release|Any CPU
		{F2FDD36F-BAA0-429C-9DA4-B08FC0C3BC62}.Release|Any CPU.Build.0 = Release|Any CPU
	EndGlobalSection
	GlobalSection(SolutionProperties) = preSolution
		HideSolutionNode = FALSE
	EndGlobalSection
	GlobalSection(ExtensibilityGlobals) = postSolution
		SolutionGuid = {1DA80597-D1FB-4A7F-A76B-8024BAE4675C}
	EndGlobalSection
EndGlobal
